
Microsoft Visual Studio Solution File, Format Version 12.00
# Visual Studio Version 17
VisualStudioVersion = 17.1.32228.430
MinimumVisualStudioVersion = 10.0.40219.1
Project("{9A19103F-16F7-4668-BE54-9A1E7A4F7556}") = "CSharpToJava", "CSharpToJava\CSharpToJava.csproj", "{30E41606-B37F-4F46-81AE-BEE9C33AA75F}"
EndProject
Project("{FAE04EC0-301F-11D3-BF4B-00C04F79EFBC}") = "SlashToJava", "SlashToJava\SlashToJava.csproj", "{2383036A-F1F0-4DA4-A747-57A76989E23E}"
EndProject
Global
	GlobalSection(SolutionConfigurationPlatforms) = preSolution
		Debug|Any CPU = Debug|Any CPU
		Release|Any CPU = Release|Any CPU
	EndGlobalSection
	GlobalSection(ProjectConfigurationPlatforms) = postSolution
		{30E41606-B37F-4F46-81AE-BEE9C33AA75F}.Debug|Any CPU.ActiveCfg = Debug|Any CPU
		{30E41606-B37F-4F46-81AE-BEE9C33AA75F}.Debug|Any CPU.Build.0 = Debug|Any CPU
		{30E41606-B37F-4F46-81AE-BEE9C33AA75F}.Release|Any CPU.ActiveCfg = Release|Any CPU
		{30E41606-B37F-4F46-81AE-BEE9C33AA75F}.Release|Any CPU.Build.0 = Release|Any CPU
		{2383036A-F1F0-4DA4-A747-57A76989E23E}.Debug|Any CPU.ActiveCfg = Debug|Any CPU
		{2383036A-F1F0-4DA4-A747-57A76989E23E}.Debug|Any CPU.Build.0 = Debug|Any CPU
		{2383036A-F1F0-4DA4-A747-57A76989E23E}.Release|Any CPU.ActiveCfg = Release|Any CPU
		{2383036A-F1F0-4DA4-A747-57A76989E23E}.Release|Any CPU.Build.0 = Release|Any CPU
	EndGlobalSection
	GlobalSection(SolutionProperties) = preSolution
		HideSolutionNode = FALSE
	EndGlobalSection
	GlobalSection(ExtensibilityGlobals) = postSolution
		SolutionGuid = {F16B6227-F148-4B30-B241-3B15449C763C}
	EndGlobalSection
EndGlobal
